
Microsoft Visual Studio Solution File, Format Version 12.00
# Visual Studio Version 16
VisualStudioVersion = 16.0.32106.194
MinimumVisualStudioVersion = 10.0.40219.1
Project("{FAE04EC0-301F-11D3-BF4B-00C04F79EFBC}") = "Apex-Legends-API", "Apex-Legends-API\Apex-Legends-API.csproj", "{BC9B5749-9EDF-4316-BB98-0A591036871C}"
EndProject
Global
	GlobalSection(SolutionConfigurationPlatforms) = preSolution
		Debug|Any CPU = Debug|Any CPU
		Release|Any CPU = Release|Any CPU
	EndGlobalSection
	GlobalSection(ProjectConfigurationPlatforms) = postSolution
		{BC9B5749-9EDF-4316-BB98-0A591036871C}.Debug|Any CPU.ActiveCfg = Debug|Any CPU
		{BC9B5749-9EDF-4316-BB98-0A591036871C}.Debug|Any CPU.Build.0 = Debug|Any CPU
		{BC9B5749-9EDF-4316-BB98-0A591036871C}.Release|Any CPU.ActiveCfg = Release|Any CPU
		{BC9B5749-9EDF-4316-BB98-0A591036871C}.Release|Any CPU.Build.0 = Release|Any CPU
	EndGlobalSection
	GlobalSection(SolutionProperties) = preSolution
		HideSolutionNode = FALSE
	EndGlobalSection
	GlobalSection(ExtensibilityGlobals) = postSolution
		SolutionGuid = {FA268073-85DE-4349-8558-4C0191EBD30A}
	EndGlobalSection
EndGlobal
